
Microsoft Visual Studio Solution File, Format Version 12.00
# Visual Studio Version 17
VisualStudioVersion = 17.3.32825.248
MinimumVisualStudioVersion = 10.0.40219.1
Project("{9A19103F-16F7-4668-BE54-9A1E7A4F7556}") = "RaceSim", "RaceSim.csproj", "{EA30CFE1-8F83-4E55-A5A4-CDD600C63525}"
	ProjectSection(ProjectDependencies) = postProject
		{18E1E1AE-47C3-4672-A5E8-EB6B22A1CB92} = {18E1E1AE-47C3-4672-A5E8-EB6B22A1CB92}
		{D6FE1E9B-CB88-4CC7-987F-DA3006735746} = {D6FE1E9B-CB88-4CC7-987F-DA3006735746}
	EndProjectSection
EndProject
Project("{9A19103F-16F7-4668-BE54-9A1E7A4F7556}") = "Model", "..\Model\Model.csproj", "{18E1E1AE-47C3-4672-A5E8-EB6B22A1CB92}"
EndProject
Project("{9A19103F-16F7-4668-BE54-9A1E7A4F7556}") = "Controller", "..\Controller\Controller.csproj", "{D6FE1E9B-CB88-4CC7-987F-DA3006735746}"
EndProject
Project("{9A19103F-16F7-4668-BE54-9A1E7A4F7556}") = "Controller Test", "..\Controller Test\Controller Test.csproj", "{EB7747B3-0C10-4FAB-B27C-A47DE426E7C2}"
	ProjectSection(ProjectDependencies) = postProject
		{B194A308-5776-4C91-8106-B9F061053F36} = {B194A308-5776-4C91-8106-B9F061053F36}
	EndProjectSection
EndProject
Project("{9A19103F-16F7-4668-BE54-9A1E7A4F7556}") = "WPF", "..\WPF\WPF.csproj", "{B194A308-5776-4C91-8106-B9F061053F36}"
	ProjectSection(ProjectDependencies) = postProject
		{18E1E1AE-47C3-4672-A5E8-EB6B22A1CB92} = {18E1E1AE-47C3-4672-A5E8-EB6B22A1CB92}
		{D6FE1E9B-CB88-4CC7-987F-DA3006735746} = {D6FE1E9B-CB88-4CC7-987F-DA3006735746}
		{EA30CFE1-8F83-4E55-A5A4-CDD600C63525} = {EA30CFE1-8F83-4E55-A5A4-CDD600C63525}
	EndProjectSection
EndProject
Project("{9A19103F-16F7-4668-BE54-9A1E7A4F7556}") = "Model Tests", "..\Model Tests\Model Tests.csproj", "{55237769-0592-45D6-926A-EC9EE34F3081}"
EndProject
Project("{FAE04EC0-301F-11D3-BF4B-00C04F79EFBC}") = "WPF Tests", "..\WPF Tests\WPF Tests.csproj", "{72CDC3A6-4F2D-4EF0-9474-C5034603898E}"
EndProject
Global
	GlobalSection(SolutionConfigurationPlatforms) = preSolution
		Debug|Any CPU = Debug|Any CPU
		Release|Any CPU = Release|Any CPU
	EndGlobalSection
	GlobalSection(ProjectConfigurationPlatforms) = postSolution
		{EA30CFE1-8F83-4E55-A5A4-CDD600C63525}.Debug|Any CPU.ActiveCfg = Debug|Any CPU
		{EA30CFE1-8F83-4E55-A5A4-CDD600C63525}.Debug|Any CPU.Build.0 = Debug|Any CPU
		{EA30CFE1-8F83-4E55-A5A4-CDD600C63525}.Release|Any CPU.ActiveCfg = Release|Any CPU
		{EA30CFE1-8F83-4E55-A5A4-CDD600C63525}.Release|Any CPU.Build.0 = Release|Any CPU
		{18E1E1AE-47C3-4672-A5E8-EB6B22A1CB92}.Debug|Any CPU.ActiveCfg = Debug|Any CPU
		{18E1E1AE-47C3-4672-A5E8-EB6B22A1CB92}.Debug|Any CPU.Build.0 = Debug|Any CPU
		{18E1E1AE-47C3-4672-A5E8-EB6B22A1CB92}.Release|Any CPU.ActiveCfg = Release|Any CPU
		{18E1E1AE-47C3-4672-A5E8-EB6B22A1CB92}.Release|Any CPU.Build.0 = Release|Any CPU
		{D6FE1E9B-CB88-4CC7-987F-DA3006735746}.Debug|Any CPU.ActiveCfg = Debug|Any CPU
		{D6FE1E9B-CB88-4CC7-987F-DA3006735746}.Debug|Any CPU.Build.0 = Debug|Any CPU
		{D6FE1E9B-CB88-4CC7-987F-DA3006735746}.Release|Any CPU.ActiveCfg = Release|Any CPU
		{D6FE1E9B-CB88-4CC7-987F-DA3006735746}.Release|Any CPU.Build.0 = Release|Any CPU
		{EB7747B3-0C10-4FAB-B27C-A47DE426E7C2}.Debug|Any CPU.ActiveCfg = Debug|Any CPU
		{EB7747B3-0C10-4FAB-B27C-A47DE426E7C2}.Debug|Any CPU.Build.0 = Debug|Any CPU
		{EB7747B3-0C10-4FAB-B27C-A47DE426E7C2}.Release|Any CPU.ActiveCfg = Release|Any CPU
		{EB7747B3-0C10-4FAB-B27C-A47DE426E7C2}.Release|Any CPU.Build.0 = Release|Any CPU
		{B194A308-5776-4C91-8106-B9F061053F36}.Debug|Any CPU.ActiveCfg = Debug|Any CPU
		{B194A308-5776-4C91-8106-B9F061053F36}.Debug|Any CPU.Build.0 = Debug|Any CPU
		{B194A308-5776-4C91-8106-B9F061053F36}.Release|Any CPU.ActiveCfg = Release|Any CPU
		{B194A308-5776-4C91-8106-B9F061053F36}.Release|Any CPU.Build.0 = Release|Any CPU
		{55237769-0592-45D6-926A-EC9EE34F3081}.Debug|Any CPU.ActiveCfg = Debug|Any CPU
		{55237769-0592-45D6-926A-EC9EE34F3081}.Debug|Any CPU.Build.0 = Debug|Any CPU
		{55237769-0592-45D6-926A-EC9EE34F3081}.Release|Any CPU.ActiveCfg = Release|Any CPU
		{55237769-0592-45D6-926A-EC9EE34F3081}.Release|Any CPU.Build.0 = Release|Any CPU
		{72CDC3A6-4F2D-4EF0-9474-C5034603898E}.Debug|Any CPU.ActiveCfg = Debug|Any CPU
		{72CDC3A6-4F2D-4EF0-9474-C5034603898E}.Debug|Any CPU.Build.0 = Debug|Any CPU
		{72CDC3A6-4F2D-4EF0-9474-C5034603898E}.Release|Any CPU.ActiveCfg = Release|Any CPU
		{72CDC3A6-4F2D-4EF0-9474-C5034603898E}.Release|Any CPU.Build.0 = Release|Any CPU
	EndGlobalSection
	GlobalSection(SolutionProperties) = preSolution
		HideSolutionNode = FALSE
	EndGlobalSection
	GlobalSection(ExtensibilityGlobals) = postSolution
		SolutionGuid = {1CCD658C-2330-4001-8D3A-98AC84C004F7}
	EndGlobalSection
EndGlobal
